// !$*UTF8*$!
{
	archiveVersion = 1;
	classes = {
	};
	objectVersion = 56;
	objects = {

/* Begin PBXBuildFile section */
		F19F2FFB2B21C0D100B5758F /* AppDelegate.swift in Sources */ = {isa = PBXBuildFile; fileRef = F19F2FFA2B21C0D100B5758F /* AppDelegate.swift */; };
		F19F2FFD2B21C0D100B5758F /* SceneDelegate.swift in Sources */ = {isa = PBXBuildFile; fileRef = F19F2FFC2B21C0D100B5758F /* SceneDelegate.swift */; };
		F19F2FFF2B21C0D100B5758F /* OnboardingViewController.swift in Sources */ = {isa = PBXBuildFile; fileRef = F19F2FFE2B21C0D100B5758F /* OnboardingViewController.swift */; };
		F19F30042B21C0D300B5758F /* Assets.xcassets in Resources */ = {isa = PBXBuildFile; fileRef = F19F30032B21C0D300B5758F /* Assets.xcassets */; };
		F19F30072B21C0D300B5758F /* LaunchScreen.storyboard in Resources */ = {isa = PBXBuildFile; fileRef = F19F30052B21C0D300B5758F /* LaunchScreen.storyboard */; };
		F19F300F2B21C3D700B5758F /* OnboardingList.swift in Sources */ = {isa = PBXBuildFile; fileRef = F19F300E2B21C3D700B5758F /* OnboardingList.swift */; };
		F19F30392B21C8F700B5758F /* NotoSans-SemiBold.ttf in Resources */ = {isa = PBXBuildFile; fileRef = F19F30312B21C8F700B5758F /* NotoSans-SemiBold.ttf */; };
		F19F303A2B21C8F700B5758F /* NotoSans-Medium.ttf in Resources */ = {isa = PBXBuildFile; fileRef = F19F30322B21C8F700B5758F /* NotoSans-Medium.ttf */; };
		F19F303B2B21C8F700B5758F /* NotoSans-Black.ttf in Resources */ = {isa = PBXBuildFile; fileRef = F19F30332B21C8F700B5758F /* NotoSans-Black.ttf */; };
		F19F303C2B21C8F700B5758F /* NotoSans-ExtraBold.ttf in Resources */ = {isa = PBXBuildFile; fileRef = F19F30342B21C8F700B5758F /* NotoSans-ExtraBold.ttf */; };
		F19F303D2B21C8F700B5758F /* NotoSans-Bold.ttf in Resources */ = {isa = PBXBuildFile; fileRef = F19F30352B21C8F700B5758F /* NotoSans-Bold.ttf */; };
		F19F303E2B21C8F700B5758F /* NotoSans-Regular.ttf in Resources */ = {isa = PBXBuildFile; fileRef = F19F30362B21C8F700B5758F /* NotoSans-Regular.ttf */; };
		F19F303F2B21C8F700B5758F /* NotoSans-ExtraLight.ttf in Resources */ = {isa = PBXBuildFile; fileRef = F19F30372B21C8F700B5758F /* NotoSans-ExtraLight.ttf */; };
		F19F30402B21C8F700B5758F /* NotoSans-Light.ttf in Resources */ = {isa = PBXBuildFile; fileRef = F19F30382B21C8F700B5758F /* NotoSans-Light.ttf */; };
		F19F30422B21C90800B5758F /* NotoSans-Thin.ttf in Resources */ = {isa = PBXBuildFile; fileRef = F19F30412B21C90800B5758F /* NotoSans-Thin.ttf */; };
		F19F30442B21CA1000B5758F /* HomeViewController.swift in Sources */ = {isa = PBXBuildFile; fileRef = F19F30432B21CA1000B5758F /* HomeViewController.swift */; };
		F1E0592E2B21CE98004A63E2 /* SettingsViewController.swift in Sources */ = {isa = PBXBuildFile; fileRef = F1E0592D2B21CE98004A63E2 /* SettingsViewController.swift */; };
		F1E059302B21CF98004A63E2 /* AppColor .swift in Sources */ = {isa = PBXBuildFile; fileRef = F1E0592F2B21CF98004A63E2 /* AppColor .swift */; };
		F1E059322B21DA08004A63E2 /* PrivacyViewController.swift in Sources */ = {isa = PBXBuildFile; fileRef = F1E059312B21DA08004A63E2 /* PrivacyViewController.swift */; };
		F1E059342B21DD93004A63E2 /* FAQViewController.swift in Sources */ = {isa = PBXBuildFile; fileRef = F1E059332B21DD93004A63E2 /* FAQViewController.swift */; };
		F1E059362B21E4AF004A63E2 /* AliasListViewController.swift in Sources */ = {isa = PBXBuildFile; fileRef = F1E059352B21E4AF004A63E2 /* AliasListViewController.swift */; };
		F1E059382B21E4B6004A63E2 /* QuizListViewController.swift in Sources */ = {isa = PBXBuildFile; fileRef = F1E059372B21E4B6004A63E2 /* QuizListViewController.swift */; };
		F1E0593A2B22FBFF004A63E2 /* AliasTeamViewController.swift in Sources */ = {isa = PBXBuildFile; fileRef = F1E059392B22FBFF004A63E2 /* AliasTeamViewController.swift */; };
		F1E0593C2B22FD2A004A63E2 /* AliasTeamCell.swift in Sources */ = {isa = PBXBuildFile; fileRef = F1E0593B2B22FD2A004A63E2 /* AliasTeamCell.swift */; };
		F1E0593E2B233186004A63E2 /* AliasGameViewController.swift in Sources */ = {isa = PBXBuildFile; fileRef = F1E0593D2B233186004A63E2 /* AliasGameViewController.swift */; };
		F1E059412B233395004A63E2 /* Shuffle in Frameworks */ = {isa = PBXBuildFile; productRef = F1E059402B233395004A63E2 /* Shuffle */; };
		F1E059432B2345A3004A63E2 /* AliasResultViewController.swift in Sources */ = {isa = PBXBuildFile; fileRef = F1E059422B2345A3004A63E2 /* AliasResultViewController.swift */; };
		F1E059452B2374AA004A63E2 /* AliasResultCell.swift in Sources */ = {isa = PBXBuildFile; fileRef = F1E059442B2374AA004A63E2 /* AliasResultCell.swift */; };
		F1E059472B238BB0004A63E2 /* AliasLeaderboardViewController.swift in Sources */ = {isa = PBXBuildFile; fileRef = F1E059462B238BB0004A63E2 /* AliasLeaderboardViewController.swift */; };
/* End PBXBuildFile section */

/* Begin PBXFileReference section */
		F19F2FF72B21C0D100B5758F /* Robinhoods Options.app */ = {isa = PBXFileReference; explicitFileType = wrapper.application; includeInIndex = 0; path = "Robinhoods Options.app"; sourceTree = BUILT_PRODUCTS_DIR; };
		F19F2FFA2B21C0D100B5758F /* AppDelegate.swift */ = {isa = PBXFileReference; lastKnownFileType = sourcecode.swift; path = AppDelegate.swift; sourceTree = "<group>"; };
		F19F2FFC2B21C0D100B5758F /* SceneDelegate.swift */ = {isa = PBXFileReference; lastKnownFileType = sourcecode.swift; path = SceneDelegate.swift; sourceTree = "<group>"; };
		F19F2FFE2B21C0D100B5758F /* OnboardingViewController.swift */ = {isa = PBXFileReference; lastKnownFileType = sourcecode.swift; path = OnboardingViewController.swift; sourceTree = "<group>"; };
		F19F30032B21C0D300B5758F /* Assets.xcassets */ = {isa = PBXFileReference; lastKnownFileType = folder.assetcatalog; path = Assets.xcassets; sourceTree = "<group>"; };
		F19F30062B21C0D300B5758F /* Base */ = {isa = PBXFileReference; lastKnownFileType = file.storyboard; name = Base; path = Base.lproj/LaunchScreen.storyboard; sourceTree = "<group>"; };
		F19F30082B21C0D300B5758F /* Info.plist */ = {isa = PBXFileReference; lastKnownFileType = text.plist.xml; path = Info.plist; sourceTree = "<group>"; };
		F19F300E2B21C3D700B5758F /* OnboardingList.swift */ = {isa = PBXFileReference; fileEncoding = 4; lastKnownFileType = sourcecode.swift; path = OnboardingList.swift; sourceTree = "<group>"; };
		F19F30312B21C8F700B5758F /* NotoSans-SemiBold.ttf */ = {isa = PBXFileReference; lastKnownFileType = file; path = "NotoSans-SemiBold.ttf"; sourceTree = "<group>"; };
		F19F30322B21C8F700B5758F /* NotoSans-Medium.ttf */ = {isa = PBXFileReference; lastKnownFileType = file; path = "NotoSans-Medium.ttf"; sourceTree = "<group>"; };
		F19F30332B21C8F700B5758F /* NotoSans-Black.ttf */ = {isa = PBXFileReference; lastKnownFileType = file; path = "NotoSans-Black.ttf"; sourceTree = "<group>"; };
		F19F30342B21C8F700B5758F /* NotoSans-ExtraBold.ttf */ = {isa = PBXFileReference; lastKnownFileType = file; path = "NotoSans-ExtraBold.ttf"; sourceTree = "<group>"; };
		F19F30352B21C8F700B5758F /* NotoSans-Bold.ttf */ = {isa = PBXFileReference; lastKnownFileType = file; path = "NotoSans-Bold.ttf"; sourceTree = "<group>"; };
		F19F30362B21C8F700B5758F /* NotoSans-Regular.ttf */ = {isa = PBXFileReference; lastKnownFileType = file; path = "NotoSans-Regular.ttf"; sourceTree = "<group>"; };
		F19F30372B21C8F700B5758F /* NotoSans-ExtraLight.ttf */ = {isa = PBXFileReference; lastKnownFileType = file; path = "NotoSans-ExtraLight.ttf"; sourceTree = "<group>"; };
		F19F30382B21C8F700B5758F /* NotoSans-Light.ttf */ = {isa = PBXFileReference; lastKnownFileType = file; path = "NotoSans-Light.ttf"; sourceTree = "<group>"; };
		F19F30412B21C90800B5758F /* NotoSans-Thin.ttf */ = {isa = PBXFileReference; lastKnownFileType = file; path = "NotoSans-Thin.ttf"; sourceTree = "<group>"; };
		F19F30432B21CA1000B5758F /* HomeViewController.swift */ = {isa = PBXFileReference; lastKnownFileType = sourcecode.swift; path = HomeViewController.swift; sourceTree = "<group>"; };
		F1E0592D2B21CE98004A63E2 /* SettingsViewController.swift */ = {isa = PBXFileReference; lastKnownFileType = sourcecode.swift; path = SettingsViewController.swift; sourceTree = "<group>"; };
		F1E0592F2B21CF98004A63E2 /* AppColor .swift */ = {isa = PBXFileReference; fileEncoding = 4; lastKnownFileType = sourcecode.swift; path = "AppColor .swift"; sourceTree = "<group>"; };
		F1E059312B21DA08004A63E2 /* PrivacyViewController.swift */ = {isa = PBXFileReference; fileEncoding = 4; lastKnownFileType = sourcecode.swift; path = PrivacyViewController.swift; sourceTree = "<group>"; };
		F1E059332B21DD93004A63E2 /* FAQViewController.swift */ = {isa = PBXFileReference; lastKnownFileType = sourcecode.swift; path = FAQViewController.swift; sourceTree = "<group>"; };
		F1E059352B21E4AF004A63E2 /* AliasListViewController.swift */ = {isa = PBXFileReference; lastKnownFileType = sourcecode.swift; path = AliasListViewController.swift; sourceTree = "<group>"; };
		F1E059372B21E4B6004A63E2 /* QuizListViewController.swift */ = {isa = PBXFileReference; lastKnownFileType = sourcecode.swift; path = QuizListViewController.swift; sourceTree = "<group>"; };
		F1E059392B22FBFF004A63E2 /* AliasTeamViewController.swift */ = {isa = PBXFileReference; lastKnownFileType = sourcecode.swift; path = AliasTeamViewController.swift; sourceTree = "<group>"; };
		F1E0593B2B22FD2A004A63E2 /* AliasTeamCell.swift */ = {isa = PBXFileReference; lastKnownFileType = sourcecode.swift; path = AliasTeamCell.swift; sourceTree = "<group>"; };
		F1E0593D2B233186004A63E2 /* AliasGameViewController.swift */ = {isa = PBXFileReference; lastKnownFileType = sourcecode.swift; path = AliasGameViewController.swift; sourceTree = "<group>"; };
		F1E059422B2345A3004A63E2 /* AliasResultViewController.swift */ = {isa = PBXFileReference; lastKnownFileType = sourcecode.swift; path = AliasResultViewController.swift; sourceTree = "<group>"; };
		F1E059442B2374AA004A63E2 /* AliasResultCell.swift */ = {isa = PBXFileReference; lastKnownFileType = sourcecode.swift; path = AliasResultCell.swift; sourceTree = "<group>"; };
		F1E059462B238BB0004A63E2 /* AliasLeaderboardViewController.swift */ = {isa = PBXFileReference; lastKnownFileType = sourcecode.swift; path = AliasLeaderboardViewController.swift; sourceTree = "<group>"; };
/* End PBXFileReference section */

/* Begin PBXFrameworksBuildPhase section */
		F19F2FF42B21C0D100B5758F /* Frameworks */ = {
			isa = PBXFrameworksBuildPhase;
			buildActionMask = 2147483647;
			files = (
				F1E059412B233395004A63E2 /* Shuffle in Frameworks */,
			);
			runOnlyForDeploymentPostprocessing = 0;
		};
/* End PBXFrameworksBuildPhase section */

/* Begin PBXGroup section */
		F19F2FEE2B21C0D100B5758F = {
			isa = PBXGroup;
			children = (
				F19F2FF92B21C0D100B5758F /* Robinhoods Options */,
				F19F2FF82B21C0D100B5758F /* Products */,
			);
			sourceTree = "<group>";
		};
		F19F2FF82B21C0D100B5758F /* Products */ = {
			isa = PBXGroup;
			children = (
				F19F2FF72B21C0D100B5758F /* Robinhoods Options.app */,
			);
			name = Products;
			sourceTree = "<group>";
		};
		F19F2FF92B21C0D100B5758F /* Robinhoods Options */ = {
			isa = PBXGroup;
			children = (
				F19F30102B21C68D00B5758F /* Noto Sans */,
				F19F2FFA2B21C0D100B5758F /* AppDelegate.swift */,
				F19F2FFC2B21C0D100B5758F /* SceneDelegate.swift */,
				F19F2FFE2B21C0D100B5758F /* OnboardingViewController.swift */,
				F19F300E2B21C3D700B5758F /* OnboardingList.swift */,
				F19F30432B21CA1000B5758F /* HomeViewController.swift */,
				F1E059392B22FBFF004A63E2 /* AliasTeamViewController.swift */,
				F1E0593B2B22FD2A004A63E2 /* AliasTeamCell.swift */,
				F1E0593D2B233186004A63E2 /* AliasGameViewController.swift */,
				F1E059422B2345A3004A63E2 /* AliasResultViewController.swift */,
				F1E059442B2374AA004A63E2 /* AliasResultCell.swift */,
				F1E059462B238BB0004A63E2 /* AliasLeaderboardViewController.swift */,
				F1E0592D2B21CE98004A63E2 /* SettingsViewController.swift */,
				F1E059312B21DA08004A63E2 /* PrivacyViewController.swift */,
				F1E059332B21DD93004A63E2 /* FAQViewController.swift */,
				F1E059352B21E4AF004A63E2 /* AliasListViewController.swift */,
				F1E059372B21E4B6004A63E2 /* QuizListViewController.swift */,
				F1E0592F2B21CF98004A63E2 /* AppColor .swift */,
				F19F30032B21C0D300B5758F /* Assets.xcassets */,
				F19F30052B21C0D300B5758F /* LaunchScreen.storyboard */,
				F19F30082B21C0D300B5758F /* Info.plist */,
			);
			path = "Robinhoods Options";
			sourceTree = "<group>";
		};
		F19F30102B21C68D00B5758F /* Noto Sans */ = {
			isa = PBXGroup;
			children = (
				F19F30412B21C90800B5758F /* NotoSans-Thin.ttf */,
				F19F30332B21C8F700B5758F /* NotoSans-Black.ttf */,
				F19F30352B21C8F700B5758F /* NotoSans-Bold.ttf */,
				F19F30342B21C8F700B5758F /* NotoSans-ExtraBold.ttf */,
				F19F30372B21C8F700B5758F /* NotoSans-ExtraLight.ttf */,
				F19F30382B21C8F700B5758F /* NotoSans-Light.ttf */,
				F19F30322B21C8F700B5758F /* NotoSans-Medium.ttf */,
				F19F30362B21C8F700B5758F /* NotoSans-Regular.ttf */,
				F19F30312B21C8F700B5758F /* NotoSans-SemiBold.ttf */,
			);
			path = "Noto Sans";
			sourceTree = "<group>";
		};
/* End PBXGroup section */

/* Begin PBXNativeTarget section */
		F19F2FF62B21C0D100B5758F /* Robinhoods Options */ = {
			isa = PBXNativeTarget;
			buildConfigurationList = F19F300B2B21C0D300B5758F /* Build configuration list for PBXNativeTarget "Robinhoods Options" */;
			buildPhases = (
				F19F2FF32B21C0D100B5758F /* Sources */,
				F19F2FF42B21C0D100B5758F /* Frameworks */,
				F19F2FF52B21C0D100B5758F /* Resources */,
			);
			buildRules = (
			);
			dependencies = (
			);
			name = "Robinhoods Options";
			packageProductDependencies = (
				F1E059402B233395004A63E2 /* Shuffle */,
			);
			productName = "Robinhoods Options";
			productReference = F19F2FF72B21C0D100B5758F /* Robinhoods Options.app */;
			productType = "com.apple.product-type.application";
		};
/* End PBXNativeTarget section */

/* Begin PBXProject section */
		F19F2FEF2B21C0D100B5758F /* Project object */ = {
			isa = PBXProject;
			attributes = {
				BuildIndependentTargetsInParallel = 1;
				LastSwiftUpdateCheck = 1500;
				LastUpgradeCheck = 1500;
				TargetAttributes = {
					F19F2FF62B21C0D100B5758F = {
						CreatedOnToolsVersion = 15.0.1;
					};
				};
			};
			buildConfigurationList = F19F2FF22B21C0D100B5758F /* Build configuration list for PBXProject "Robinhoods Options" */;
			compatibilityVersion = "Xcode 14.0";
			developmentRegion = en;
			hasScannedForEncodings = 0;
			knownRegions = (
				en,
				Base,
			);
			mainGroup = F19F2FEE2B21C0D100B5758F;
			packageReferences = (
				F1E0593F2B233395004A63E2 /* XCRemoteSwiftPackageReference "Shuffle" */,
			);
			productRefGroup = F19F2FF82B21C0D100B5758F /* Products */;
			projectDirPath = "";
			projectRoot = "";
			targets = (
				F19F2FF62B21C0D100B5758F /* Robinhoods Options */,
			);
		};
/* End PBXProject section */

/* Begin PBXResourcesBuildPhase section */
		F19F2FF52B21C0D100B5758F /* Resources */ = {
			isa = PBXResourcesBuildPhase;
			buildActionMask = 2147483647;
			files = (
				F19F30072B21C0D300B5758F /* LaunchScreen.storyboard in Resources */,
				F19F30422B21C90800B5758F /* NotoSans-Thin.ttf in Resources */,
				F19F303B2B21C8F700B5758F /* NotoSans-Black.ttf in Resources */,
				F19F303F2B21C8F700B5758F /* NotoSans-ExtraLight.ttf in Resources */,
				F19F30042B21C0D300B5758F /* Assets.xcassets in Resources */,
				F19F303D2B21C8F700B5758F /* NotoSans-Bold.ttf in Resources */,
				F19F303E2B21C8F700B5758F /* NotoSans-Regular.ttf in Resources */,
				F19F30402B21C8F700B5758F /* NotoSans-Light.ttf in Resources */,
				F19F303A2B21C8F700B5758F /* NotoSans-Medium.ttf in Resources */,
				F19F30392B21C8F700B5758F /* NotoSans-SemiBold.ttf in Resources */,
				F19F303C2B21C8F700B5758F /* NotoSans-ExtraBold.ttf in Resources */,
			);
			runOnlyForDeploymentPostprocessing = 0;
		};
/* End PBXResourcesBuildPhase section */

/* Begin PBXSourcesBuildPhase section */
		F19F2FF32B21C0D100B5758F /* Sources */ = {
			isa = PBXSourcesBuildPhase;
			buildActionMask = 2147483647;
			files = (
				F1E0593A2B22FBFF004A63E2 /* AliasTeamViewController.swift in Sources */,
				F1E059472B238BB0004A63E2 /* AliasLeaderboardViewController.swift in Sources */,
				F1E0593E2B233186004A63E2 /* AliasGameViewController.swift in Sources */,
				F19F30442B21CA1000B5758F /* HomeViewController.swift in Sources */,
				F1E059382B21E4B6004A63E2 /* QuizListViewController.swift in Sources */,
				F19F300F2B21C3D700B5758F /* OnboardingList.swift in Sources */,
				F1E059432B2345A3004A63E2 /* AliasResultViewController.swift in Sources */,
				F19F2FFF2B21C0D100B5758F /* OnboardingViewController.swift in Sources */,
				F1E059362B21E4AF004A63E2 /* AliasListViewController.swift in Sources */,
				F1E059322B21DA08004A63E2 /* PrivacyViewController.swift in Sources */,
				F1E059452B2374AA004A63E2 /* AliasResultCell.swift in Sources */,
				F1E0593C2B22FD2A004A63E2 /* AliasTeamCell.swift in Sources */,
				F19F2FFB2B21C0D100B5758F /* AppDelegate.swift in Sources */,
				F19F2FFD2B21C0D100B5758F /* SceneDelegate.swift in Sources */,
				F1E059342B21DD93004A63E2 /* FAQViewController.swift in Sources */,
				F1E0592E2B21CE98004A63E2 /* SettingsViewController.swift in Sources */,
				F1E059302B21CF98004A63E2 /* AppColor .swift in Sources */,
			);
			runOnlyForDeploymentPostprocessing = 0;
		};
/* End PBXSourcesBuildPhase section */

/* Begin PBXVariantGroup section */
		F19F30052B21C0D300B5758F /* LaunchScreen.storyboard */ = {
			isa = PBXVariantGroup;
			children = (
				F19F30062B21C0D300B5758F /* Base */,
			);
			name = LaunchScreen.storyboard;
			sourceTree = "<group>";
		};
/* End PBXVariantGroup section */

/* Begin XCBuildConfiguration section */
		F19F30092B21C0D300B5758F /* Debug */ = {
			isa = XCBuildConfiguration;
			buildSettings = {
				ALWAYS_SEARCH_USER_PATHS = NO;
				ASSETCATALOG_COMPILER_GENERATE_SWIFT_ASSET_SYMBOL_EXTENSIONS = YES;
				CLANG_ANALYZER_NONNULL = YES;
				CLANG_ANALYZER_NUMBER_OBJECT_CONVERSION = YES_AGGRESSIVE;
				CLANG_CXX_LANGUAGE_STANDARD = "gnu++20";
				CLANG_ENABLE_MODULES = YES;
				CLANG_ENABLE_OBJC_ARC = YES;
				CLANG_ENABLE_OBJC_WEAK = YES;
				CLANG_WARN_BLOCK_CAPTURE_AUTORELEASING = YES;
				CLANG_WARN_BOOL_CONVERSION = YES;
				CLANG_WARN_COMMA = YES;
				CLANG_WARN_CONSTANT_CONVERSION = YES;
				CLANG_WARN_DEPRECATED_OBJC_IMPLEMENTATIONS = YES;
				CLANG_WARN_DIRECT_OBJC_ISA_USAGE = YES_ERROR;
				CLANG_WARN_DOCUMENTATION_COMMENTS = YES;
				CLANG_WARN_EMPTY_BODY = YES;
				CLANG_WARN_ENUM_CONVERSION = YES;
				CLANG_WARN_INFINITE_RECURSION = YES;
				CLANG_WARN_INT_CONVERSION = YES;
				CLANG_WARN_NON_LITERAL_NULL_CONVERSION = YES;
				CLANG_WARN_OBJC_IMPLICIT_RETAIN_SELF = YES;
				CLANG_WARN_OBJC_LITERAL_CONVERSION = YES;
				CLANG_WARN_OBJC_ROOT_CLASS = YES_ERROR;
				CLANG_WARN_QUOTED_INCLUDE_IN_FRAMEWORK_HEADER = YES;
				CLANG_WARN_RANGE_LOOP_ANALYSIS = YES;
				CLANG_WARN_STRICT_PROTOTYPES = YES;
				CLANG_WARN_SUSPICIOUS_MOVE = YES;
				CLANG_WARN_UNGUARDED_AVAILABILITY = YES_AGGRESSIVE;
				CLANG_WARN_UNREACHABLE_CODE = YES;
				CLANG_WARN__DUPLICATE_METHOD_MATCH = YES;
				COPY_PHASE_STRIP = NO;
				DEBUG_INFORMATION_FORMAT = dwarf;
				ENABLE_STRICT_OBJC_MSGSEND = YES;
				ENABLE_TESTABILITY = YES;
				ENABLE_USER_SCRIPT_SANDBOXING = YES;
				GCC_C_LANGUAGE_STANDARD = gnu17;
				GCC_DYNAMIC_NO_PIC = NO;
				GCC_NO_COMMON_BLOCKS = YES;
				GCC_OPTIMIZATION_LEVEL = 0;
				GCC_PREPROCESSOR_DEFINITIONS = (
					"DEBUG=1",
					"$(inherited)",
				);
				GCC_WARN_64_TO_32_BIT_CONVERSION = YES;
				GCC_WARN_ABOUT_RETURN_TYPE = YES_ERROR;
				GCC_WARN_UNDECLARED_SELECTOR = YES;
				GCC_WARN_UNINITIALIZED_AUTOS = YES_AGGRESSIVE;
				GCC_WARN_UNUSED_FUNCTION = YES;
				GCC_WARN_UNUSED_VARIABLE = YES;
				IPHONEOS_DEPLOYMENT_TARGET = 17.0;
				LOCALIZATION_PREFERS_STRING_CATALOGS = YES;
				MTL_ENABLE_DEBUG_INFO = INCLUDE_SOURCE;
				MTL_FAST_MATH = YES;
				ONLY_ACTIVE_ARCH = YES;
				SDKROOT = iphoneos;
				SWIFT_ACTIVE_COMPILATION_CONDITIONS = "DEBUG $(inherited)";
				SWIFT_OPTIMIZATION_LEVEL = "-Onone";
			};
			name = Debug;
		};
		F19F300A2B21C0D300B5758F /* Release */ = {
			isa = XCBuildConfiguration;
			buildSettings = {
				ALWAYS_SEARCH_USER_PATHS = NO;
				ASSETCATALOG_COMPILER_GENERATE_SWIFT_ASSET_SYMBOL_EXTENSIONS = YES;
				CLANG_ANALYZER_NONNULL = YES;
				CLANG_ANALYZER_NUMBER_OBJECT_CONVERSION = YES_AGGRESSIVE;
				CLANG_CXX_LANGUAGE_STANDARD = "gnu++20";
				CLANG_ENABLE_MODULES = YES;
				CLANG_ENABLE_OBJC_ARC = YES;
				CLANG_ENABLE_OBJC_WEAK = YES;
				CLANG_WARN_BLOCK_CAPTURE_AUTORELEASING = YES;
				CLANG_WARN_BOOL_CONVERSION = YES;
				CLANG_WARN_COMMA = YES;
				CLANG_WARN_CONSTANT_CONVERSION = YES;
				CLANG_WARN_DEPRECATED_OBJC_IMPLEMENTATIONS = YES;
				CLANG_WARN_DIRECT_OBJC_ISA_USAGE = YES_ERROR;
				CLANG_WARN_DOCUMENTATION_COMMENTS = YES;
				CLANG_WARN_EMPTY_BODY = YES;
				CLANG_WARN_ENUM_CONVERSION = YES;
				CLANG_WARN_INFINITE_RECURSION = YES;
				CLANG_WARN_INT_CONVERSION = YES;
				CLANG_WARN_NON_LITERAL_NULL_CONVERSION = YES;
				CLANG_WARN_OBJC_IMPLICIT_RETAIN_SELF = YES;
				CLANG_WARN_OBJC_LITERAL_CONVERSION = YES;
				CLANG_WARN_OBJC_ROOT_CLASS = YES_ERROR;
				CLANG_WARN_QUOTED_INCLUDE_IN_FRAMEWORK_HEADER = YES;
				CLANG_WARN_RANGE_LOOP_ANALYSIS = YES;
				CLANG_WARN_STRICT_PROTOTYPES = YES;
				CLANG_WARN_SUSPICIOUS_MOVE = YES;
				CLANG_WARN_UNGUARDED_AVAILABILITY = YES_AGGRESSIVE;
				CLANG_WARN_UNREACHABLE_CODE = YES;
				CLANG_WARN__DUPLICATE_METHOD_MATCH = YES;
				COPY_PHASE_STRIP = NO;
				DEBUG_INFORMATION_FORMAT = "dwarf-with-dsym";
				ENABLE_NS_ASSERTIONS = NO;
				ENABLE_STRICT_OBJC_MSGSEND = YES;
				ENABLE_USER_SCRIPT_SANDBOXING = YES;
				GCC_C_LANGUAGE_STANDARD = gnu17;
				GCC_NO_COMMON_BLOCKS = YES;
				GCC_WARN_64_TO_32_BIT_CONVERSION = YES;
				GCC_WARN_ABOUT_RETURN_TYPE = YES_ERROR;
				GCC_WARN_UNDECLARED_SELECTOR = YES;
				GCC_WARN_UNINITIALIZED_AUTOS = YES_AGGRESSIVE;
				GCC_WARN_UNUSED_FUNCTION = YES;
				GCC_WARN_UNUSED_VARIABLE = YES;
				IPHONEOS_DEPLOYMENT_TARGET = 17.0;
				LOCALIZATION_PREFERS_STRING_CATALOGS = YES;
				MTL_ENABLE_DEBUG_INFO = NO;
				MTL_FAST_MATH = YES;
				SDKROOT = iphoneos;
				SWIFT_COMPILATION_MODE = wholemodule;
				VALIDATE_PRODUCT = YES;
			};
			name = Release;
		};
		F19F300C2B21C0D300B5758F /* Debug */ = {
			isa = XCBuildConfiguration;
			buildSettings = {
				ASSETCATALOG_COMPILER_APPICON_NAME = AppIcon;
				ASSETCATALOG_COMPILER_GLOBAL_ACCENT_COLOR_NAME = AccentColor;
				CODE_SIGN_STYLE = Automatic;
				CURRENT_PROJECT_VERSION = 1;
				DEVELOPMENT_TEAM = 66V736J4F3;
				GENERATE_INFOPLIST_FILE = YES;
				INFOPLIST_FILE = "Robinhoods Options/Info.plist";
				INFOPLIST_KEY_UIApplicationSupportsIndirectInputEvents = YES;
				INFOPLIST_KEY_UILaunchStoryboardName = LaunchScreen;
				INFOPLIST_KEY_UISupportedInterfaceOrientations_iPad = "UIInterfaceOrientationPortrait UIInterfaceOrientationPortraitUpsideDown UIInterfaceOrientationLandscapeLeft UIInterfaceOrientationLandscapeRight";
				INFOPLIST_KEY_UISupportedInterfaceOrientations_iPhone = "UIInterfaceOrientationPortrait UIInterfaceOrientationLandscapeLeft UIInterfaceOrientationLandscapeRight";
				LD_RUNPATH_SEARCH_PATHS = (
					"$(inherited)",
					"@executable_path/Frameworks",
				);
				MARKETING_VERSION = 1.0;
				PRODUCT_BUNDLE_IDENTIFIER = "com.example.Robinhoods-Options";
				PRODUCT_NAME = "$(TARGET_NAME)";
				SWIFT_EMIT_LOC_STRINGS = YES;
				SWIFT_VERSION = 5.0;
				TARGETED_DEVICE_FAMILY = "1,2";
			};
			name = Debug;
		};
		F19F300D2B21C0D300B5758F /* Release */ = {
			isa = XCBuildConfiguration;
			buildSettings = {
				ASSETCATALOG_COMPILER_APPICON_NAME = AppIcon;
				ASSETCATALOG_COMPILER_GLOBAL_ACCENT_COLOR_NAME = AccentColor;
				CODE_SIGN_STYLE = Automatic;
				CURRENT_PROJECT_VERSION = 1;
				DEVELOPMENT_TEAM = 66V736J4F3;
				GENERATE_INFOPLIST_FILE = YES;
				INFOPLIST_FILE = "Robinhoods Options/Info.plist";
				INFOPLIST_KEY_UIApplicationSupportsIndirectInputEvents = YES;
				INFOPLIST_KEY_UILaunchStoryboardName = LaunchScreen;
				INFOPLIST_KEY_UISupportedInterfaceOrientations_iPad = "UIInterfaceOrientationPortrait UIInterfaceOrientationPortraitUpsideDown UIInterfaceOrientationLandscapeLeft UIInterfaceOrientationLandscapeRight";
				INFOPLIST_KEY_UISupportedInterfaceOrientations_iPhone = "UIInterfaceOrientationPortrait UIInterfaceOrientationLandscapeLeft UIInterfaceOrientationLandscapeRight";
				LD_RUNPATH_SEARCH_PATHS = (
					"$(inherited)",
					"@executable_path/Frameworks",
				);
				MARKETING_VERSION = 1.0;
				PRODUCT_BUNDLE_IDENTIFIER = "com.example.Robinhoods-Options";
				PRODUCT_NAME = "$(TARGET_NAME)";
				SWIFT_EMIT_LOC_STRINGS = YES;
				SWIFT_VERSION = 5.0;
				TARGETED_DEVICE_FAMILY = "1,2";
			};
			name = Release;
		};
/* End XCBuildConfiguration section */

/* Begin XCConfigurationList section */
		F19F2FF22B21C0D100B5758F /* Build configuration list for PBXProject "Robinhoods Options" */ = {
			isa = XCConfigurationList;
			buildConfigurations = (
				F19F30092B21C0D300B5758F /* Debug */,
				F19F300A2B21C0D300B5758F /* Release */,
			);
			defaultConfigurationIsVisible = 0;
			defaultConfigurationName = Release;
		};
		F19F300B2B21C0D300B5758F /* Build configuration list for PBXNativeTarget "Robinhoods Options" */ = {
			isa = XCConfigurationList;
			buildConfigurations = (
				F19F300C2B21C0D300B5758F /* Debug */,
				F19F300D2B21C0D300B5758F /* Release */,
			);
			defaultConfigurationIsVisible = 0;
			defaultConfigurationName = Release;
		};
/* End XCConfigurationList section */

/* Begin XCRemoteSwiftPackageReference section */
		F1E0593F2B233395004A63E2 /* XCRemoteSwiftPackageReference "Shuffle" */ = {
			isa = XCRemoteSwiftPackageReference;
			repositoryURL = "https://github.com/mac-gallagher/Shuffle.git";
			requirement = {
				branch = master;
				kind = branch;
			};
		};
/* End XCRemoteSwiftPackageReference section */

/* Begin XCSwiftPackageProductDependency section */
		F1E059402B233395004A63E2 /* Shuffle */ = {
			isa = XCSwiftPackageProductDependency;
			package = F1E0593F2B233395004A63E2 /* XCRemoteSwiftPackageReference "Shuffle" */;
			productName = Shuffle;
		};
/* End XCSwiftPackageProductDependency section */
	};
	rootObject = F19F2FEF2B21C0D100B5758F /* Project object */;
}
